PODS:
  - Nimble (8.0.2)
  - Progress (2.3)
  - Quick (2.1.0)

DEPENDENCIES:
  - Nimble (~> 8.0)
  - Progress (from `../`)
  - Quick (~> 2.1)

SPEC REPOS:
  https://github.com/cocoapods/specs.git:
    - Nimble
    - Quick

EXTERNAL SOURCES:
  Progress:
    :path: "../"

SPEC CHECKSUMS:
  Nimble: 622629381bda1dd5678162f21f1368cec7cbba60
  Progress: cb9db1875f39493f8d27d597d39915e04cf9febf
  Quick: 4be43f6634acfa727dd106bdf3929ce125ffa79d

PODFILE CHECKSUM: 99b5bf2b150e1acbfeacffebf9dda32bab0a2726

COCOAPODS: 1.7.5
