PODS:
  - Nimble (7.3.1)
  - Progress (2.3)
  - Quick (1.3.2)

DEPENDENCIES:
  - Nimble (~> 7.3.1)
  - Progress (from `../`)
  - Quick (~> 1.3.1)

SPEC REPOS:
  https://github.com/cocoapods/specs.git:
    - Nimble
    - Quick

EXTERNAL SOURCES:
  Progress:
    :path: "../"

SPEC CHECKSUMS:
  Nimble: 04f732da099ea4d153122aec8c2a88fd0c7219ae
  Progress: 4d9d180e417d15cb847406b1846deb05e32ebc92
  Quick: 2623cb30d7a7f41ca62f684f679586558f483d46

PODFILE CHECKSUM: 9715ecfa7a6282b0f9bca4005c7e6016d736316e

COCOAPODS: 1.5.3
